
Microsoft Visual Studio Solution File, Format Version 12.00
# Visual Studio Version 17
VisualStudioVersion = 17.0.31903.59
MinimumVisualStudioVersion = 10.0.40219.1
Project("{FAE04EC0-301F-11D3-BF4B-00C04F79EFBC}") = "LinqElementiX", "LinqElementiX.csproj", "{49F9D6D3-4F1C-43C9-B289-8F243F336FED}"
EndProject
Global
	GlobalSection(SolutionConfigurationPlatforms) = preSolution
		Debug|Any CPU = Debug|Any CPU
		Release|Any CPU = Release|Any CPU
	EndGlobalSection
	GlobalSection(ProjectConfigurationPlatforms) = postSolution
		{49F9D6D3-4F1C-43C9-B289-8F243F336FED}.Debug|Any CPU.ActiveCfg = Debug|Any CPU
		{49F9D6D3-4F1C-43C9-B289-8F243F336FED}.Debug|Any CPU.Build.0 = Debug|Any CPU
		{49F9D6D3-4F1C-43C9-B289-8F243F336FED}.Release|Any CPU.ActiveCfg = Release|Any CPU
		{49F9D6D3-4F1C-43C9-B289-8F243F336FED}.Release|Any CPU.Build.0 = Release|Any CPU
	EndGlobalSection
	GlobalSection(SolutionProperties) = preSolution
		HideSolutionNode = FALSE
	EndGlobalSection
	GlobalSection(ExtensibilityGlobals) = postSolution
		SolutionGuid = {665D3D85-CDC4-4B2E-BB22-BC8E04A279B7}
	EndGlobalSection
EndGlobal
